
Microsoft Visual Studio Solution File, Format Version 12.00
# Visual Studio Version 17
VisualStudioVersion = 17.9.34622.214
MinimumVisualStudioVersion = 10.0.40219.1
Project("{FAE04EC0-301F-11D3-BF4B-00C04F79EFBC}") = "TaskTracker", "TaskTracker\TaskTracker.csproj", "{C07A1C06-57A1-454E-9BF4-FB1F82162F3B}"
EndProject
Global
	GlobalSection(SolutionConfigurationPlatforms) = preSolution
		Debug|Any CPU = Debug|Any CPU
		Release|Any CPU = Release|Any CPU
	EndGlobalSection
	GlobalSection(ProjectConfigurationPlatforms) = postSolution
		{C07A1C06-57A1-454E-9BF4-FB1F82162F3B}.Debug|Any CPU.ActiveCfg = Debug|Any CPU
		{C07A1C06-57A1-454E-9BF4-FB1F82162F3B}.Debug|Any CPU.Build.0 = Debug|Any CPU
		{C07A1C06-57A1-454E-9BF4-FB1F82162F3B}.Release|Any CPU.ActiveCfg = Release|Any CPU
		{C07A1C06-57A1-454E-9BF4-FB1F82162F3B}.Release|Any CPU.Build.0 = Release|Any CPU
	EndGlobalSection
	GlobalSection(SolutionProperties) = preSolution
		HideSolutionNode = FALSE
	EndGlobalSection
	GlobalSection(ExtensibilityGlobals) = postSolution
		SolutionGuid = {55ABF840-CCF2-4712-B306-CDF5A8D34A27}
	EndGlobalSection
EndGlobal
